{
  "name": "swan-artifact",
  "version": "1.0.0",
  "lockfileVersion": 1,
  "requires": true,
  "dependencies": {
    "@babel/runtime": {
      "version": "7.11.2",
      "resolved": "http://registry.npm.baidu-int.com/@babel%2fruntime/-/runtime-7.11.2.tgz",
      "integrity": "sha1-9UnBPHVMxAuHZEufqfCaapX+BzY=",
      "requires": {
        "regenerator-runtime": "^0.13.4"
      }
    },
    "@smt-lib/observer": {
      "version": "1.0.2",
      "resolved": "http://registry.npm.baidu-int.com/@smt-lib%2fobserver/-/observer-1.0.2.tgz",
      "integrity": "sha1-q/3/EQ4jaIS+cEtp53StClsKKTY="
    },
    "@smt-ui/component": {
      "version": "1.1.67",
      "resolved": "http://registry.npm.baidu-int.com/@smt-ui%2fcomponent/-/component-1.1.67.tgz",
      "integrity": "sha1-SbUBOia7W77OULWew3Tyldy+9l0=",
      "requires": {
        "@babel/runtime": "^7.7.7",
        "@smt-lib/observer": "^1.0.2"
      }
    },
    "regenerator-runtime": {
      "version": "0.13.7",
      "resolved": "http://registry.npm.baidu-int.com/regenerator-runtime/-/regenerator-runtime-0.13.7.tgz",
      "integrity": "sha1-ysLazIoepnX+qrrriugziYrkb1U="
    }
  }
}
